
Microsoft Visual Studio Solution File, Format Version 12.00
# Visual Studio Version 16
VisualStudioVersion = 16.0.29911.84
MinimumVisualStudioVersion = 10.0.40219.1
Project("{FAE04EC0-301F-11D3-BF4B-00C04F79EFBC}") = "MyMediaPlayer", "MyMediaPlayer\MyMediaPlayer.csproj", "{5C593792-654F-42D1-B0DC-E330255462B8}"
EndProject
Global
	GlobalSection(SolutionConfigurationPlatforms) = preSolution
		Debug|Any CPU = Debug|Any CPU
		Release|Any CPU = Release|Any CPU
	EndGlobalSection
	GlobalSection(ProjectConfigurationPlatforms) = postSolution
		{5C593792-654F-42D1-B0DC-E330255462B8}.Debug|Any CPU.ActiveCfg = Debug|Any CPU
		{5C593792-654F-42D1-B0DC-E330255462B8}.Debug|Any CPU.Build.0 = Debug|Any CPU
		{5C593792-654F-42D1-B0DC-E330255462B8}.Release|Any CPU.ActiveCfg = Release|Any CPU
		{5C593792-654F-42D1-B0DC-E330255462B8}.Release|Any CPU.Build.0 = Release|Any CPU
	EndGlobalSection
	GlobalSection(SolutionProperties) = preSolution
		HideSolutionNode = FALSE
	EndGlobalSection
	GlobalSection(ExtensibilityGlobals) = postSolution
		SolutionGuid = {65465114-EF1B-4C53-8ED1-A3DB63A52942}
	EndGlobalSection
EndGlobal
